
Microsoft Visual Studio Solution File, Format Version 12.00
# Visual Studio Version 17
VisualStudioVersion = 17.3.32708.82
MinimumVisualStudioVersion = 10.0.40219.1
Project("{9A19103F-16F7-4668-BE54-9A1E7A4F7556}") = "UrlService", "UrlService\UrlService.csproj", "{91D8C5B4-C353-4EFC-8DAA-ADFBEBEAEBEE}"
EndProject
Project("{FAE04EC0-301F-11D3-BF4B-00C04F79EFBC}") = "UrlShortener.Shared", "UrlShortener.Shared\UrlShortener.Shared.csproj", "{1CE0BDE7-F01F-4404-AA0B-19AA83D4F03C}"
EndProject
Project("{FAE04EC0-301F-11D3-BF4B-00C04F79EFBC}") = "UrlService.UnitTests", "UrlService.UnitTests\UrlService.UnitTests.csproj", "{691E71BC-DA50-49C2-983E-42D3052B62FE}"
EndProject
Project("{FAE04EC0-301F-11D3-BF4B-00C04F79EFBC}") = "UrlService.IntegrationTests", "UrlService.IntegrationTests\UrlService.IntegrationTests.csproj", "{2BAC4FBF-C4A4-46EC-9C60-2C3C376C4DD8}"
EndProject
Project("{2150E333-8FDC-42A3-9474-1A3956D46DE8}") = "Tests", "Tests", "{E0324711-A41D-4B9B-BECB-118EB71F8D45}"
EndProject
Global
	GlobalSection(SolutionConfigurationPlatforms) = preSolution
		Debug|Any CPU = Debug|Any CPU
		Release|Any CPU = Release|Any CPU
	EndGlobalSection
	GlobalSection(ProjectConfigurationPlatforms) = postSolution
		{91D8C5B4-C353-4EFC-8DAA-ADFBEBEAEBEE}.Debug|Any CPU.ActiveCfg = Debug|Any CPU
		{91D8C5B4-C353-4EFC-8DAA-ADFBEBEAEBEE}.Debug|Any CPU.Build.0 = Debug|Any CPU
		{91D8C5B4-C353-4EFC-8DAA-ADFBEBEAEBEE}.Release|Any CPU.ActiveCfg = Release|Any CPU
		{91D8C5B4-C353-4EFC-8DAA-ADFBEBEAEBEE}.Release|Any CPU.Build.0 = Release|Any CPU
		{1CE0BDE7-F01F-4404-AA0B-19AA83D4F03C}.Debug|Any CPU.ActiveCfg = Debug|Any CPU
		{1CE0BDE7-F01F-4404-AA0B-19AA83D4F03C}.Debug|Any CPU.Build.0 = Debug|Any CPU
		{1CE0BDE7-F01F-4404-AA0B-19AA83D4F03C}.Release|Any CPU.ActiveCfg = Release|Any CPU
		{1CE0BDE7-F01F-4404-AA0B-19AA83D4F03C}.Release|Any CPU.Build.0 = Release|Any CPU
		{691E71BC-DA50-49C2-983E-42D3052B62FE}.Debug|Any CPU.ActiveCfg = Debug|Any CPU
		{691E71BC-DA50-49C2-983E-42D3052B62FE}.Debug|Any CPU.Build.0 = Debug|Any CPU
		{691E71BC-DA50-49C2-983E-42D3052B62FE}.Release|Any CPU.ActiveCfg = Release|Any CPU
		{691E71BC-DA50-49C2-983E-42D3052B62FE}.Release|Any CPU.Build.0 = Release|Any CPU
		{2BAC4FBF-C4A4-46EC-9C60-2C3C376C4DD8}.Debug|Any CPU.ActiveCfg = Debug|Any CPU
		{2BAC4FBF-C4A4-46EC-9C60-2C3C376C4DD8}.Debug|Any CPU.Build.0 = Debug|Any CPU
		{2BAC4FBF-C4A4-46EC-9C60-2C3C376C4DD8}.Release|Any CPU.ActiveCfg = Release|Any CPU
		{2BAC4FBF-C4A4-46EC-9C60-2C3C376C4DD8}.Release|Any CPU.Build.0 = Release|Any CPU
		{7359B3F3-ECA0-4592-8E42-B24366A02C61}.Debug|Any CPU.ActiveCfg = Debug|Any CPU
		{7359B3F3-ECA0-4592-8E42-B24366A02C61}.Debug|Any CPU.Build.0 = Debug|Any CPU
		{7359B3F3-ECA0-4592-8E42-B24366A02C61}.Release|Any CPU.ActiveCfg = Release|Any CPU
		{7359B3F3-ECA0-4592-8E42-B24366A02C61}.Release|Any CPU.Build.0 = Release|Any CPU
	EndGlobalSection
	GlobalSection(SolutionProperties) = preSolution
		HideSolutionNode = FALSE
	EndGlobalSection
	GlobalSection(ExtensibilityGlobals) = postSolution
		SolutionGuid = {044F3F54-C970-42FF-A08C-48A865FC1FA3}
	EndGlobalSection
	GlobalSection(NestedProjects) = preSolution
		{691E71BC-DA50-49C2-983E-42D3052B62FE} = {E0324711-A41D-4B9B-BECB-118EB71F8D45}
		{2BAC4FBF-C4A4-46EC-9C60-2C3C376C4DD8} = {E0324711-A41D-4B9B-BECB-118EB71F8D45}
	EndGlobalSection
EndGlobal
